
Microsoft Visual Studio Solution File, Format Version 12.00
# Visual Studio 15
VisualStudioVersion = 15.0.28307.168
MinimumVisualStudioVersion = 10.0.40219.1
Project("{FAE04EC0-301F-11D3-BF4B-00C04F79EFBC}") = "csd3354-1-week05", "csd3354-1-week05\csd3354-1-week05.csproj", "{DAD6C0F2-2A82-4F5F-9A3E-71FC3A16DCED}"
EndProject
Global
	GlobalSection(SolutionConfigurationPlatforms) = preSolution
		Debug|Any CPU = Debug|Any CPU
		Release|Any CPU = Release|Any CPU
	EndGlobalSection
	GlobalSection(ProjectConfigurationPlatforms) = postSolution
		{DAD6C0F2-2A82-4F5F-9A3E-71FC3A16DCED}.Debug|Any CPU.ActiveCfg = Debug|Any CPU
		{DAD6C0F2-2A82-4F5F-9A3E-71FC3A16DCED}.Debug|Any CPU.Build.0 = Debug|Any CPU
		{DAD6C0F2-2A82-4F5F-9A3E-71FC3A16DCED}.Release|Any CPU.ActiveCfg = Release|Any CPU
		{DAD6C0F2-2A82-4F5F-9A3E-71FC3A16DCED}.Release|Any CPU.Build.0 = Release|Any CPU
	EndGlobalSection
	GlobalSection(SolutionProperties) = preSolution
		HideSolutionNode = FALSE
	EndGlobalSection
	GlobalSection(ExtensibilityGlobals) = postSolution
		SolutionGuid = {22922256-0DF6-4742-899F-B55E2CDA86C3}
	EndGlobalSection
EndGlobal
